PODS:
  - cloud_firestore (4.8.4):
    - Firebase/Firestore (= 10.13.0)
    - firebase_core
    - Flutter
    - nanopb (< 2.30910.0, >= 2.30908.0)
  - Firebase/Analytics (10.13.0):
    - Firebase/Core
  - Firebase/Auth (10.13.0):
    - Firebase/CoreOnly
    - FirebaseAuth (~> 10.13.0)
  - Firebase/Core (10.13.0):
    - Firebase/CoreOnly
    - FirebaseAnalytics (~> 10.13.0)
  - Firebase/CoreOnly (10.13.0):
    - FirebaseCore (= 10.13.0)
  - Firebase/Crashlytics (10.13.0):
    - Firebase/CoreOnly
    - FirebaseCrashlytics (~> 10.13.0)
  - Firebase/Firestore (10.13.0):
    - Firebase/CoreOnly
    - FirebaseFirestore (~> 10.13.0)
  - Firebase/Messaging (10.13.0):
    - Firebase/CoreOnly
    - FirebaseMessaging (~> 10.13.0)
  - Firebase/Performance (10.13.0):
    - Firebase/CoreOnly
    - FirebasePerformance (~> 10.13.0)
  - firebase_analytics (10.4.4):
    - Firebase/Analytics (= 10.13.0)
    - firebase_core
    - Flutter
  - firebase_auth (4.7.2):
    - Firebase/Auth (= 10.13.0)
    - firebase_core
    - Flutter
  - firebase_core (2.15.0):
    - Firebase/CoreOnly (= 10.13.0)
    - Flutter
  - firebase_crashlytics (3.3.4):
    - Firebase/Crashlytics (= 10.13.0)
    - firebase_core
    - Flutter
  - firebase_messaging (14.6.5):
    - Firebase/Messaging (= 10.13.0)
    - firebase_core
    - Flutter
  - firebase_performance (0.9.2-4):
    - Firebase/Performance (= 10.13.0)
    - firebase_core
    - Flutter
  - FirebaseABTesting (10.13.0):
    - FirebaseCore (~> 10.0)
  - FirebaseAnalytics (10.13.0):
    - FirebaseAnalytics/AdIdSupport (= 10.13.0)
    - FirebaseCore (~> 10.0)
    - FirebaseInstallations (~> 10.0)
    - GoogleUtilities/AppDelegateSwizzler (~> 7.11)
    - GoogleUtilities/MethodSwizzler (~> 7.11)
    - GoogleUtilities/Network (~> 7.11)
    - "GoogleUtilities/NSData+zlib (~> 7.11)"
    - nanopb (< 2.30910.0, >= 2.30908.0)
  - FirebaseAnalytics/AdIdSupport (10.13.0):
    - FirebaseCore (~> 10.0)
    - FirebaseInstallations (~> 10.0)
    - GoogleAppMeasurement (= 10.13.0)
    - GoogleUtilities/AppDelegateSwizzler (~> 7.11)
    - GoogleUtilities/MethodSwizzler (~> 7.11)
    - GoogleUtilities/Network (~> 7.11)
    - "GoogleUtilities/NSData+zlib (~> 7.11)"
    - nanopb (< 2.30910.0, >= 2.30908.0)
  - FirebaseAppCheckInterop (10.13.0)
  - FirebaseAuth (10.13.0):
    - FirebaseAppCheckInterop (~> 10.0)
    - FirebaseCore (~> 10.0)
    - GoogleUtilities/AppDelegateSwizzler (~> 7.8)
    - GoogleUtilities/Environment (~> 7.8)
    - GTMSessionFetcher/Core (< 4.0, >= 2.1)
  - FirebaseCore (10.13.0):
    - FirebaseCoreInternal (~> 10.0)
    - GoogleUtilities/Environment (~> 7.8)
    - GoogleUtilities/Logger (~> 7.8)
  - FirebaseCoreExtension (10.13.0):
    - FirebaseCore (~> 10.0)
  - FirebaseCoreInternal (10.13.0):
    - "GoogleUtilities/NSData+zlib (~> 7.8)"
  - FirebaseCrashlytics (10.13.0):
    - FirebaseCore (~> 10.5)
    - FirebaseInstallations (~> 10.0)
    - FirebaseSessions (~> 10.5)
    - GoogleDataTransport (~> 9.2)
    - GoogleUtilities/Environment (~> 7.8)
    - nanopb (< 2.30910.0, >= 2.30908.0)
    - PromisesObjC (~> 2.1)
  - FirebaseFirestore (10.13.0):
    - FirebaseFirestore/AutodetectLeveldb (= 10.13.0)
  - FirebaseFirestore/AutodetectLeveldb (10.13.0):
    - FirebaseFirestore/Base
    - FirebaseFirestore/WithLeveldb
  - FirebaseFirestore/Base (10.13.0)
  - FirebaseFirestore/WithLeveldb (10.13.0):
    - FirebaseFirestore/Base
  - FirebaseInstallations (10.13.0):
    - FirebaseCore (~> 10.0)
    - GoogleUtilities/Environment (~> 7.8)
    - GoogleUtilities/UserDefaults (~> 7.8)
    - PromisesObjC (~> 2.1)
  - FirebaseMessaging (10.13.0):
    - FirebaseCore (~> 10.0)
    - FirebaseInstallations (~> 10.0)
    - GoogleDataTransport (~> 9.2)
    - GoogleUtilities/AppDelegateSwizzler (~> 7.8)
    - GoogleUtilities/Environment (~> 7.8)
    - GoogleUtilities/Reachability (~> 7.8)
    - GoogleUtilities/UserDefaults (~> 7.8)
    - nanopb (< 2.30910.0, >= 2.30908.0)
  - FirebasePerformance (10.13.0):
    - FirebaseCore (~> 10.5)
    - FirebaseInstallations (~> 10.0)
    - FirebaseRemoteConfig (~> 10.0)
    - FirebaseSessions (~> 10.5)
    - GoogleDataTransport (~> 9.2)
    - GoogleUtilities/Environment (~> 7.8)
    - GoogleUtilities/ISASwizzler (~> 7.8)
    - GoogleUtilities/MethodSwizzler (~> 7.8)
    - nanopb (< 2.30910.0, >= 2.30908.0)
  - FirebaseRemoteConfig (10.13.0):
    - FirebaseABTesting (~> 10.0)
    - FirebaseCore (~> 10.0)
    - FirebaseInstallations (~> 10.0)
    - GoogleUtilities/Environment (~> 7.8)
    - "GoogleUtilities/NSData+zlib (~> 7.8)"
  - FirebaseSessions (10.13.0):
    - FirebaseCore (~> 10.5)
    - FirebaseCoreExtension (~> 10.0)
    - FirebaseInstallations (~> 10.0)
    - GoogleDataTransport (~> 9.2)
    - GoogleUtilities/Environment (~> 7.10)
    - nanopb (< 2.30910.0, >= 2.30908.0)
    - PromisesSwift (~> 2.1)
  - Flutter (1.0.0)
  - flutter_app_badger (1.3.0):
    - Flutter
  - flutter_inappwebview (0.0.1):
    - Flutter
    - flutter_inappwebview/Core (= 0.0.1)
    - OrderedSet (~> 5.0)
  - flutter_inappwebview/Core (0.0.1):
    - Flutter
    - OrderedSet (~> 5.0)
  - flutter_local_notifications (0.0.1):
    - Flutter
  - flutter_native_timezone (0.0.1):
    - Flutter
  - GoogleAppMeasurement (10.13.0):
    - GoogleAppMeasurement/AdIdSupport (= 10.13.0)
    - GoogleUtilities/AppDelegateSwizzler (~> 7.11)
    - GoogleUtilities/MethodSwizzler (~> 7.11)
    - GoogleUtilities/Network (~> 7.11)
    - "GoogleUtilities/NSData+zlib (~> 7.11)"
    - nanopb (< 2.30910.0, >= 2.30908.0)
  - GoogleAppMeasurement/AdIdSupport (10.13.0):
    - GoogleAppMeasurement/WithoutAdIdSupport (= 10.13.0)
    - GoogleUtilities/AppDelegateSwizzler (~> 7.11)
    - GoogleUtilities/MethodSwizzler (~> 7.11)
    - GoogleUtilities/Network (~> 7.11)
    - "GoogleUtilities/NSData+zlib (~> 7.11)"
    - nanopb (< 2.30910.0, >= 2.30908.0)
  - GoogleAppMeasurement/WithoutAdIdSupport (10.13.0):
    - GoogleUtilities/AppDelegateSwizzler (~> 7.11)
    - GoogleUtilities/MethodSwizzler (~> 7.11)
    - GoogleUtilities/Network (~> 7.11)
    - "GoogleUtilities/NSData+zlib (~> 7.11)"
    - nanopb (< 2.30910.0, >= 2.30908.0)
  - GoogleDataTransport (9.2.5):
    - GoogleUtilities/Environment (~> 7.7)
    - nanopb (< 2.30910.0, >= 2.30908.0)
    - PromisesObjC (< 3.0, >= 1.2)
  - GoogleUtilities/AppDelegateSwizzler (7.11.5):
    - GoogleUtilities/Environment
    - GoogleUtilities/Logger
    - GoogleUtilities/Network
  - GoogleUtilities/Environment (7.11.5):
    - PromisesObjC (< 3.0, >= 1.2)
  - GoogleUtilities/ISASwizzler (7.11.5)
  - GoogleUtilities/Logger (7.11.5):
    - GoogleUtilities/Environment
  - GoogleUtilities/MethodSwizzler (7.11.5):
    - GoogleUtilities/Logger
  - GoogleUtilities/Network (7.11.5):
    - GoogleUtilities/Logger
    - "GoogleUtilities/NSData+zlib"
    - GoogleUtilities/Reachability
  - "GoogleUtilities/NSData+zlib (7.11.5)"
  - GoogleUtilities/Reachability (7.11.5):
    - GoogleUtilities/Logger
  - GoogleUtilities/UserDefaults (7.11.5):
    - GoogleUtilities/Logger
  - GTMSessionFetcher/Core (2.3.0)
  - in_app_review (0.2.0):
    - Flutter
  - nanopb (2.30909.0):
    - nanopb/decode (= 2.30909.0)
    - nanopb/encode (= 2.30909.0)
  - nanopb/decode (2.30909.0)
  - nanopb/encode (2.30909.0)
  - OrderedSet (5.0.0)
  - package_info (0.0.1):
    - Flutter
  - PromisesObjC (2.3.1)
  - PromisesSwift (2.3.1):
    - PromisesObjC (= 2.3.1)
  - purchases_flutter (5.6.0):
    - Flutter
    - PurchasesHybridCommon (= 5.6.0)
  - PurchasesHybridCommon (5.6.0):
    - RevenueCat (= 4.25.2)
  - RevenueCat (4.25.2)
  - shared_preferences_foundation (0.0.1):
    - Flutter
    - FlutterMacOS
  - url_launcher_ios (0.0.1):
    - Flutter
  - webview_flutter_wkwebview (0.0.1):
    - Flutter

DEPENDENCIES:
  - cloud_firestore (from `.symlinks/plugins/cloud_firestore/ios`)
  - firebase_analytics (from `.symlinks/plugins/firebase_analytics/ios`)
  - firebase_auth (from `.symlinks/plugins/firebase_auth/ios`)
  - firebase_core (from `.symlinks/plugins/firebase_core/ios`)
  - firebase_crashlytics (from `.symlinks/plugins/firebase_crashlytics/ios`)
  - firebase_messaging (from `.symlinks/plugins/firebase_messaging/ios`)
  - firebase_performance (from `.symlinks/plugins/firebase_performance/ios`)
  - FirebaseFirestore (from `https://github.com/invertase/firestore-ios-sdk-frameworks.git`, tag `10.13.0`)
  - Flutter (from `Flutter`)
  - flutter_app_badger (from `.symlinks/plugins/flutter_app_badger/ios`)
  - flutter_inappwebview (from `.symlinks/plugins/flutter_inappwebview/ios`)
  - flutter_local_notifications (from `.symlinks/plugins/flutter_local_notifications/ios`)
  - flutter_native_timezone (from `.symlinks/plugins/flutter_native_timezone/ios`)
  - in_app_review (from `.symlinks/plugins/in_app_review/ios`)
  - package_info (from `.symlinks/plugins/package_info/ios`)
  - purchases_flutter (from `.symlinks/plugins/purchases_flutter/ios`)
  - shared_preferences_foundation (from `.symlinks/plugins/shared_preferences_foundation/darwin`)
  - url_launcher_ios (from `.symlinks/plugins/url_launcher_ios/ios`)
  - webview_flutter_wkwebview (from `.symlinks/plugins/webview_flutter_wkwebview/ios`)

SPEC REPOS:
  trunk:
    - Firebase
    - FirebaseABTesting
    - FirebaseAnalytics
    - FirebaseAppCheckInterop
    - FirebaseAuth
    - FirebaseCore
    - FirebaseCoreExtension
    - FirebaseCoreInternal
    - FirebaseCrashlytics
    - FirebaseInstallations
    - FirebaseMessaging
    - FirebasePerformance
    - FirebaseRemoteConfig
    - FirebaseSessions
    - GoogleAppMeasurement
    - GoogleDataTransport
    - GoogleUtilities
    - GTMSessionFetcher
    - nanopb
    - OrderedSet
    - PromisesObjC
    - PromisesSwift
    - PurchasesHybridCommon
    - RevenueCat

EXTERNAL SOURCES:
  cloud_firestore:
    :path: ".symlinks/plugins/cloud_firestore/ios"
  firebase_analytics:
    :path: ".symlinks/plugins/firebase_analytics/ios"
  firebase_auth:
    :path: ".symlinks/plugins/firebase_auth/ios"
  firebase_core:
    :path: ".symlinks/plugins/firebase_core/ios"
  firebase_crashlytics:
    :path: ".symlinks/plugins/firebase_crashlytics/ios"
  firebase_messaging:
    :path: ".symlinks/plugins/firebase_messaging/ios"
  firebase_performance:
    :path: ".symlinks/plugins/firebase_performance/ios"
  FirebaseFirestore:
    :git: https://github.com/invertase/firestore-ios-sdk-frameworks.git
    :tag: 10.13.0
  Flutter:
    :path: Flutter
  flutter_app_badger:
    :path: ".symlinks/plugins/flutter_app_badger/ios"
  flutter_inappwebview:
    :path: ".symlinks/plugins/flutter_inappwebview/ios"
  flutter_local_notifications:
    :path: ".symlinks/plugins/flutter_local_notifications/ios"
  flutter_native_timezone:
    :path: ".symlinks/plugins/flutter_native_timezone/ios"
  in_app_review:
    :path: ".symlinks/plugins/in_app_review/ios"
  package_info:
    :path: ".symlinks/plugins/package_info/ios"
  purchases_flutter:
    :path: ".symlinks/plugins/purchases_flutter/ios"
  shared_preferences_foundation:
    :path: ".symlinks/plugins/shared_preferences_foundation/darwin"
  url_launcher_ios:
    :path: ".symlinks/plugins/url_launcher_ios/ios"
  webview_flutter_wkwebview:
    :path: ".symlinks/plugins/webview_flutter_wkwebview/ios"

CHECKOUT OPTIONS:
  FirebaseFirestore:
    :git: https://github.com/invertase/firestore-ios-sdk-frameworks.git
    :tag: 10.13.0

SPEC CHECKSUMS:
  cloud_firestore: 83f340ec0776642a2ea8b9616d19f9f2ebdefacf
  Firebase: 343d7539befb614d22b2eae24759f6307b1175e9
  firebase_analytics: 4dacf3ef66e0cd339f5cdead0b429f31c4adbf2c
  firebase_auth: e855a7393beb9aa231e7b4d6c19a98f55b6ee944
  firebase_core: d1513032966ea24fa88074832609df2ea3f17c9f
  firebase_crashlytics: 595a32f90302a571e4eb4ce6a13b96d720f86262
  firebase_messaging: 45b23d6d10f8a773e6aee6f024b289a9b8742c7f
  firebase_performance: f95bb48e2f00712bfdaec39528a1e12528dd56fd
  FirebaseABTesting: 86ac5a4fc749088bb4d55a1cbfb2c4cb42c6d5de
  FirebaseAnalytics: 9a12e090ead49f8877ed8132ae920e3cbbd2fcd0
  FirebaseAppCheckInterop: 5e12dc623d443dedffcde9c6f3ed41510125d8ef
  FirebaseAuth: dbc8986dc6a9a8de0c3205f171a3e901d8163d0a
  FirebaseCore: 9948a31ff2c6cf323f9b040068201a95d271b68d
  FirebaseCoreExtension: ce60f9db46d83944cf444664d6d587474128eeca
  FirebaseCoreInternal: b342e37cd4f5b4454ec34308f073420e7920858e
  FirebaseCrashlytics: 4679fbc4768fcb4dd6f5533101841d40256d4475
  FirebaseFirestore: e61e97986090dde3310d76d5268bfd43b8054459
  FirebaseInstallations: b28af1b9f997f1a799efe818c94695a3728c352f
  FirebaseMessaging: c2b782a6af3058b6e53ac2a6eaab84c5786200c8
  FirebasePerformance: 026649159518446ab398e1262fadea7885e3adda
  FirebaseRemoteConfig: 33e0dcf43899fbb4f8ef2d84200bf5f5e32eaf05
  FirebaseSessions: 991fb4c20b3505eef125f7cbfa20a5b5b189c2a4
  Flutter: f04841e97a9d0b0a8025694d0796dd46242b2854
  flutter_app_badger: b87fc231847b03b92ce1412aa351842e7e97932f
  flutter_inappwebview: bfd58618f49dc62f2676de690fc6dcda1d6c3721
  flutter_local_notifications: 0c0b1ae97e741e1521e4c1629a459d04b9aec743
  flutter_native_timezone: 5f05b2de06c9776b4cc70e1839f03de178394d22
  GoogleAppMeasurement: 3ae505b44174bcc0775f5c86cecc5826259fbb1e
  GoogleDataTransport: 54dee9d48d14580407f8f5fbf2f496e92437a2f2
  GoogleUtilities: 13e2c67ede716b8741c7989e26893d151b2b2084
  GTMSessionFetcher: 3a63d75eecd6aa32c2fc79f578064e1214dfdec2
  in_app_review: 318597b3a06c22bb46dc454d56828c85f444f99d
  nanopb: b552cce312b6c8484180ef47159bc0f65a1f0431
  OrderedSet: aaeb196f7fef5a9edf55d89760da9176ad40b93c
  package_info: 873975fc26034f0b863a300ad47e7f1ac6c7ec62
  PromisesObjC: c50d2056b5253dadbd6c2bea79b0674bd5a52fa4
  PromisesSwift: 28dca69a9c40779916ac2d6985a0192a5cb4a265
  purchases_flutter: 3dc327cc188495bdbf5ed695cc6a774160b57b73
  PurchasesHybridCommon: 45fc4487e06787e4b071510f9230e180f49a0a5f
  RevenueCat: 3997b7af3ded18a59346e76f1365cae5a64f4281
  shared_preferences_foundation: 5b919d13b803cadd15ed2dc053125c68730e5126
  url_launcher_ios: 08a3dfac5fb39e8759aeb0abbd5d9480f30fc8b4
  webview_flutter_wkwebview: 2e2d318f21a5e036e2c3f26171342e95908bd60a

PODFILE CHECKSUM: 3c0a4f26f0f032e0ca8e860e22d0345a1dcaf54b

COCOAPODS: 1.12.1
