PODS:
  - AppCheckCore (11.3.1):
    - GoogleUtilities/Environment (~> 8.0)
    - GoogleUtilities/UserDefaults (~> 8.0)
    - PromisesObjC (~> 2.4)
    - PromisesSwift (~> 2.4)
    - RecaptchaInterop (~> 101.0)
  - cloud_firestore (6.9.0):
    - Firebase/Firestore (= 12.18.0)
    - firebase_core
    - Flutter
  - cloud_functions (6.4.0):
    - Firebase/Functions (= 12.18.0)
    - firebase_core
    - Flutter
  - device_info_plus (0.0.1):
    - Flutter
  - FBAudienceNetwork (6.22.0)
  - Firebase/Auth (12.18.0):
    - Firebase/CoreOnly
    - FirebaseAuth (~> 12.18.0)
  - Firebase/CoreOnly (12.18.0):
    - FirebaseCore (~> 12.18.0)
  - Firebase/Crashlytics (12.18.0):
    - Firebase/CoreOnly
    - FirebaseCrashlytics (~> 12.18.0)
  - Firebase/Firestore (12.18.0):
    - Firebase/CoreOnly
    - FirebaseFirestore (~> 12.18.0)
  - Firebase/Functions (12.18.0):
    - Firebase/CoreOnly
    - FirebaseFunctions (~> 12.18.0)
  - Firebase/Messaging (12.18.0):
    - Firebase/CoreOnly
    - FirebaseMessaging (~> 12.18.0)
  - Firebase/RemoteConfig (12.18.0):
    - Firebase/CoreOnly
    - FirebaseRemoteConfig (~> 12.18.0)
  - firebase_analytics (12.5.0):
    - firebase_core
    - FirebaseAnalytics (= 12.18.0)
    - Flutter
  - firebase_app_check (0.4.7):
    - Firebase/CoreOnly (~> 12.18.0)
    - firebase_core
    - FirebaseAppCheck (~> 12.18.0)
    - Flutter
  - firebase_auth (6.6.1):
    - Firebase/Auth (= 12.18.0)
    - firebase_core
    - Flutter
  - firebase_core (4.14.0):
    - Firebase/CoreOnly (= 12.18.0)
    - Flutter
  - firebase_crashlytics (5.3.0):
    - Firebase/Crashlytics (= 12.18.0)
    - firebase_core
    - Flutter
  - firebase_messaging (16.6.0):
    - Firebase/Messaging (= 12.18.0)
    - firebase_core
    - Flutter
  - firebase_remote_config (6.6.0):
    - Firebase/RemoteConfig (= 12.18.0)
    - firebase_core
    - Flutter
  - FirebaseABTesting (12.18.0):
    - FirebaseCore (~> 12.18.0)
  - FirebaseAnalytics (12.18.0):
    - FirebaseAnalytics/Default (= 12.18.0)
    - FirebaseCore (~> 12.18.0)
    - FirebaseInstallations (~> 12.18.0)
    - GoogleUtilities/AppDelegateSwizzler (~> 8.1)
    - GoogleUtilities/MethodSwizzler (~> 8.1)
    - GoogleUtilities/Network (~> 8.1)
    - "GoogleUtilities/NSData+zlib (~> 8.1)"
    - nanopb (~> 3.30910.0)
  - FirebaseAnalytics/Default (12.18.0):
    - FirebaseCore (~> 12.18.0)
    - FirebaseInstallations (~> 12.18.0)
    - GoogleAppMeasurement/Default (= 12.18.0)
    - GoogleUtilities/AppDelegateSwizzler (~> 8.1)
    - GoogleUtilities/MethodSwizzler (~> 8.1)
    - GoogleUtilities/Network (~> 8.1)
    - "GoogleUtilities/NSData+zlib (~> 8.1)"
    - nanopb (~> 3.30910.0)
  - FirebaseAppCheck (12.18.0):
    - AppCheckCore (~> 11.3)
    - FirebaseAppCheckInterop (~> 12.18.0)
    - FirebaseCore (~> 12.18.0)
    - GoogleUtilities/Environment (~> 8.1)
    - GoogleUtilities/UserDefaults (~> 8.1)
  - FirebaseAppCheckInterop (12.18.0)
  - FirebaseAuth (12.18.0):
    - FirebaseAppCheckInterop (~> 12.18.0)
    - FirebaseAuthInterop (~> 12.18.0)
    - FirebaseCore (~> 12.18.0)
    - FirebaseCoreExtension (~> 12.18.0)
    - GoogleUtilities/AppDelegateSwizzler (~> 8.1)
    - GoogleUtilities/Environment (~> 8.1)
    - GTMSessionFetcher/Core (< 6.0, >= 3.4)
    - RecaptchaInterop (~> 101.0)
  - FirebaseAuthInterop (12.18.0)
  - FirebaseCore (12.18.0):
    - FirebaseCoreInternal (~> 12.18.0)
    - GoogleUtilities/Environment (~> 8.1)
    - GoogleUtilities/Logger (~> 8.1)
  - FirebaseCoreExtension (12.18.0):
    - FirebaseCore (~> 12.18.0)
  - FirebaseCoreInternal (12.18.0):
    - "GoogleUtilities/NSData+zlib (~> 8.1)"
  - FirebaseCrashlytics (12.18.0):
    - FirebaseCore (~> 12.18.0)
    - FirebaseInstallations (~> 12.18.0)
    - FirebaseRemoteConfigInterop (~> 12.18.0)
    - FirebaseSessions (~> 12.18.0)
    - GoogleDataTransport (~> 10.1)
    - GoogleUtilities/Environment (~> 8.1)
    - nanopb (~> 3.30910.0)
    - PromisesObjC (~> 2.4)
  - FirebaseFirestore (12.18.0):
    - FirebaseFirestoreBinary (= 12.18.0)
  - FirebaseFirestoreAbseilBinary (1.2024072200.0)
  - FirebaseFirestoreBinary (12.18.0):
    - FirebaseCore (= 12.18.0)
    - FirebaseCoreExtension (= 12.18.0)
    - FirebaseFirestoreInternalBinary (= 12.18.0)
    - FirebaseSharedSwift (= 12.18.0)
  - FirebaseFirestoreGRPCBoringSSLBinary (1.69.0)
  - FirebaseFirestoreGRPCCoreBinary (1.69.0):
    - FirebaseFirestoreAbseilBinary (= 1.2024072200.0)
    - FirebaseFirestoreGRPCBoringSSLBinary (= 1.69.0)
  - FirebaseFirestoreGRPCCPPBinary (1.69.0):
    - FirebaseFirestoreAbseilBinary (= 1.2024072200.0)
    - FirebaseFirestoreGRPCCoreBinary (= 1.69.0)
  - FirebaseFirestoreInternalBinary (12.18.0):
    - FirebaseCore (= 12.18.0)
    - FirebaseFirestoreAbseilBinary (= 1.2024072200.0)
    - FirebaseFirestoreGRPCCPPBinary (= 1.69.0)
    - leveldb-library (~> 1.22)
    - nanopb (~> 3.30910.0)
  - FirebaseFunctions (12.18.0):
    - FirebaseAppCheckInterop (~> 12.18.0)
    - FirebaseAuthInterop (~> 12.18.0)
    - FirebaseCore (~> 12.18.0)
    - FirebaseCoreExtension (~> 12.18.0)
    - FirebaseMessagingInterop (~> 12.18.0)
    - FirebaseSharedSwift (~> 12.18.0)
    - GTMSessionFetcher/Core (< 6.0, >= 3.4)
  - FirebaseInstallations (12.18.0):
    - FirebaseCore (~> 12.18.0)
    - GoogleUtilities/Environment (~> 8.1)
    - GoogleUtilities/UserDefaults (~> 8.1)
    - PromisesObjC (~> 2.4)
  - FirebaseMessaging (12.18.0):
    - FirebaseCore (~> 12.18.0)
    - FirebaseInstallations (~> 12.18.0)
    - GoogleDataTransport (~> 10.1)
    - GoogleUtilities/AppDelegateSwizzler (~> 8.1)
    - GoogleUtilities/Environment (~> 8.1)
    - GoogleUtilities/Reachability (~> 8.1)
    - GoogleUtilities/UserDefaults (~> 8.1)
    - nanopb (~> 3.30910.0)
  - FirebaseMessagingInterop (12.18.0)
  - FirebaseRemoteConfig (12.18.0):
    - FirebaseABTesting (~> 12.18.0)
    - FirebaseCore (~> 12.18.0)
    - FirebaseInstallations (~> 12.18.0)
    - FirebaseRemoteConfigInterop (~> 12.18.0)
    - FirebaseSharedSwift (~> 12.18.0)
    - GoogleUtilities/Environment (~> 8.1)
    - "GoogleUtilities/NSData+zlib (~> 8.1)"
  - FirebaseRemoteConfigInterop (12.18.0)
  - FirebaseSessions (12.18.0):
    - FirebaseCore (~> 12.18.0)
    - FirebaseCoreExtension (~> 12.18.0)
    - FirebaseInstallations (~> 12.18.0)
    - GoogleDataTransport (~> 10.1)
    - GoogleUtilities/Environment (~> 8.1)
    - GoogleUtilities/UserDefaults (~> 8.1)
    - nanopb (~> 3.30910.0)
    - PromisesSwift (~> 2.1)
  - FirebaseSharedSwift (12.18.0)
  - Flutter (1.0.0)
  - flutter_app_badger (1.3.0):
    - Flutter
  - flutter_local_notifications (0.0.1):
    - Flutter
  - flutter_timezone (0.0.1):
    - Flutter
  - gma_mediation_meta (1.7.0):
    - Flutter
    - GoogleMobileAdsMediationFacebook (~> 6.22.0.0)
  - gma_mediation_mintegral (2.1.3):
    - Flutter
    - GoogleMobileAdsMediationMintegral (~> 8.1.6.0)
  - Google-Mobile-Ads-SDK (13.9.0):
    - GoogleUserMessagingPlatform (>= 1.1)
  - google_mobile_ads (9.1.0):
    - Flutter
    - Google-Mobile-Ads-SDK (~> 13.7)
    - webview_flutter_wkwebview
  - GoogleAdsOnDeviceConversion (3.6.1):
    - GoogleUtilities/Environment (~> 8.1)
    - GoogleUtilities/Logger (~> 8.1)
    - GoogleUtilities/Network (~> 8.1)
    - nanopb (~> 3.30910.0)
  - GoogleAppMeasurement/Core (12.18.0):
    - GoogleUtilities/AppDelegateSwizzler (~> 8.1)
    - GoogleUtilities/MethodSwizzler (~> 8.1)
    - GoogleUtilities/Network (~> 8.1)
    - "GoogleUtilities/NSData+zlib (~> 8.1)"
    - nanopb (~> 3.30910.0)
  - GoogleAppMeasurement/Default (12.18.0):
    - GoogleAdsOnDeviceConversion (~> 3.6.0)
    - GoogleAppMeasurement/Core (= 12.18.0)
    - GoogleAppMeasurement/IdentitySupport (= 12.18.0)
    - GoogleUtilities/AppDelegateSwizzler (~> 8.1)
    - GoogleUtilities/MethodSwizzler (~> 8.1)
    - GoogleUtilities/Network (~> 8.1)
    - "GoogleUtilities/NSData+zlib (~> 8.1)"
    - nanopb (~> 3.30910.0)
  - GoogleAppMeasurement/IdentitySupport (12.18.0):
    - GoogleAppMeasurement/Core (= 12.18.0)
    - GoogleUtilities/AppDelegateSwizzler (~> 8.1)
    - GoogleUtilities/MethodSwizzler (~> 8.1)
    - GoogleUtilities/Network (~> 8.1)
    - "GoogleUtilities/NSData+zlib (~> 8.1)"
    - nanopb (~> 3.30910.0)
  - GoogleDataTransport (10.1.1):
    - nanopb (~> 3.30910.0)
    - PromisesObjC (~> 2.4)
  - GoogleMobileAdsMediationFacebook (6.22.0.0):
    - FBAudienceNetwork (= 6.22.0)
    - Google-Mobile-Ads-SDK (~> 13.3)
  - GoogleMobileAdsMediationMintegral (8.1.6.0):
    - Google-Mobile-Ads-SDK (~> 13.3)
    - MintegralAdSDK/All (= 8.1.6)
  - GoogleUserMessagingPlatform (3.1.0)
  - GoogleUtilities/AppDelegateSwizzler (8.1.3):
    - GoogleUtilities/Environment
    - GoogleUtilities/Logger
    - GoogleUtilities/Network
    - GoogleUtilities/Privacy
  - GoogleUtilities/Environment (8.1.3):
    - GoogleUtilities/Privacy
  - GoogleUtilities/Logger (8.1.3):
    - GoogleUtilities/Environment
    - GoogleUtilities/Privacy
  - GoogleUtilities/MethodSwizzler (8.1.3):
    - GoogleUtilities/Logger
    - GoogleUtilities/Privacy
  - GoogleUtilities/Network (8.1.3):
    - GoogleUtilities/Logger
    - "GoogleUtilities/NSData+zlib"
    - GoogleUtilities/Privacy
    - GoogleUtilities/Reachability
  - "GoogleUtilities/NSData+zlib (8.1.3)":
    - GoogleUtilities/Privacy
  - GoogleUtilities/Privacy (8.1.3)
  - GoogleUtilities/Reachability (8.1.3):
    - GoogleUtilities/Logger
    - GoogleUtilities/Privacy
  - GoogleUtilities/UserDefaults (8.1.3):
    - GoogleUtilities/Logger
    - GoogleUtilities/Privacy
  - GTMSessionFetcher/Core (5.3.1)
  - home_widget (0.0.1):
    - Flutter
  - in_app_review (2.0.0):
    - Flutter
  - leveldb-library (1.22.6)
  - MintegralAdSDK/All (8.1.6):
    - MintegralAdSDK/BannerAd
    - MintegralAdSDK/BidNativeAd
    - MintegralAdSDK/InterstitialVideoAd
    - MintegralAdSDK/NativeAd
    - MintegralAdSDK/NativeAdvancedAd
    - MintegralAdSDK/NewInterstitialAd
    - MintegralAdSDK/RewardVideoAd
    - MintegralAdSDK/SplashAd
  - MintegralAdSDK/BannerAd (8.1.6):
    - MintegralAdSDK/NativeAd
  - MintegralAdSDK/BidNativeAd (8.1.6):
    - MintegralAdSDK/NativeAd
  - MintegralAdSDK/InterstitialVideoAd (8.1.6):
    - MintegralAdSDK/NativeAd
  - MintegralAdSDK/NativeAd (8.1.6)
  - MintegralAdSDK/NativeAdvancedAd (8.1.6):
    - MintegralAdSDK/NativeAd
  - MintegralAdSDK/NewInterstitialAd (8.1.6):
    - MintegralAdSDK/InterstitialVideoAd
    - MintegralAdSDK/NativeAd
  - MintegralAdSDK/RewardVideoAd (8.1.6):
    - MintegralAdSDK/NativeAd
  - MintegralAdSDK/SplashAd (8.1.6):
    - MintegralAdSDK/NativeAd
  - nanopb (3.30910.0):
    - nanopb/decode (= 3.30910.0)
    - nanopb/encode (= 3.30910.0)
  - nanopb/decode (3.30910.0)
  - nanopb/encode (3.30910.0)
  - package_info_plus (0.4.5):
    - Flutter
  - path_provider_foundation (0.0.1):
    - Flutter
    - FlutterMacOS
  - PromisesObjC (2.4.1)
  - PromisesSwift (2.4.1):
    - PromisesObjC (= 2.4.1)
  - purchases_flutter (10.10.0):
    - Flutter
    - PurchasesHybridCommon (= 18.32.1)
  - PurchasesHybridCommon (18.32.1):
    - RevenueCat (= 5.85.0)
  - RecaptchaInterop (101.0.0)
  - RevenueCat (5.85.0)
  - shared_preferences_foundation (0.0.1):
    - Flutter
    - FlutterMacOS
  - url_launcher_ios (0.0.1):
    - Flutter
  - webview_flutter_wkwebview (0.0.1):
    - Flutter
    - FlutterMacOS

DEPENDENCIES:
  - cloud_firestore (from `.symlinks/plugins/cloud_firestore/ios`)
  - cloud_functions (from `.symlinks/plugins/cloud_functions/ios`)
  - device_info_plus (from `.symlinks/plugins/device_info_plus/ios`)
  - firebase_analytics (from `.symlinks/plugins/firebase_analytics/ios`)
  - firebase_app_check (from `.symlinks/plugins/firebase_app_check/ios`)
  - firebase_auth (from `.symlinks/plugins/firebase_auth/ios`)
  - firebase_core (from `.symlinks/plugins/firebase_core/ios`)
  - firebase_crashlytics (from `.symlinks/plugins/firebase_crashlytics/ios`)
  - firebase_messaging (from `.symlinks/plugins/firebase_messaging/ios`)
  - firebase_remote_config (from `.symlinks/plugins/firebase_remote_config/ios`)
  - FirebaseFirestore (from `https://github.com/invertase/firestore-ios-sdk-frameworks.git`, tag `12.18.0`)
  - Flutter (from `Flutter`)
  - flutter_app_badger (from `.symlinks/plugins/flutter_app_badger/ios`)
  - flutter_local_notifications (from `.symlinks/plugins/flutter_local_notifications/ios`)
  - flutter_timezone (from `.symlinks/plugins/flutter_timezone/ios`)
  - gma_mediation_meta (from `.symlinks/plugins/gma_mediation_meta/ios`)
  - gma_mediation_mintegral (from `.symlinks/plugins/gma_mediation_mintegral/ios`)
  - google_mobile_ads (from `.symlinks/plugins/google_mobile_ads/ios`)
  - home_widget (from `.symlinks/plugins/home_widget/ios`)
  - in_app_review (from `.symlinks/plugins/in_app_review/ios`)
  - package_info_plus (from `.symlinks/plugins/package_info_plus/ios`)
  - path_provider_foundation (from `.symlinks/plugins/path_provider_foundation/darwin`)
  - purchases_flutter (from `.symlinks/plugins/purchases_flutter/ios`)
  - shared_preferences_foundation (from `.symlinks/plugins/shared_preferences_foundation/darwin`)
  - url_launcher_ios (from `.symlinks/plugins/url_launcher_ios/ios`)
  - webview_flutter_wkwebview (from `.symlinks/plugins/webview_flutter_wkwebview/darwin`)

SPEC REPOS:
  trunk:
    - AppCheckCore
    - FBAudienceNetwork
    - Firebase
    - FirebaseABTesting
    - FirebaseAnalytics
    - FirebaseAppCheck
    - FirebaseAppCheckInterop
    - FirebaseAuth
    - FirebaseAuthInterop
    - FirebaseCore
    - FirebaseCoreExtension
    - FirebaseCoreInternal
    - FirebaseCrashlytics
    - FirebaseFirestoreAbseilBinary
    - FirebaseFirestoreBinary
    - FirebaseFirestoreGRPCBoringSSLBinary
    - FirebaseFirestoreGRPCCoreBinary
    - FirebaseFirestoreGRPCCPPBinary
    - FirebaseFirestoreInternalBinary
    - FirebaseFunctions
    - FirebaseInstallations
    - FirebaseMessaging
    - FirebaseMessagingInterop
    - FirebaseRemoteConfig
    - FirebaseRemoteConfigInterop
    - FirebaseSessions
    - FirebaseSharedSwift
    - Google-Mobile-Ads-SDK
    - GoogleAdsOnDeviceConversion
    - GoogleAppMeasurement
    - GoogleDataTransport
    - GoogleMobileAdsMediationFacebook
    - GoogleMobileAdsMediationMintegral
    - GoogleUserMessagingPlatform
    - GoogleUtilities
    - GTMSessionFetcher
    - leveldb-library
    - MintegralAdSDK
    - nanopb
    - PromisesObjC
    - PromisesSwift
    - PurchasesHybridCommon
    - RecaptchaInterop
    - RevenueCat

EXTERNAL SOURCES:
  cloud_firestore:
    :path: ".symlinks/plugins/cloud_firestore/ios"
  cloud_functions:
    :path: ".symlinks/plugins/cloud_functions/ios"
  device_info_plus:
    :path: ".symlinks/plugins/device_info_plus/ios"
  firebase_analytics:
    :path: ".symlinks/plugins/firebase_analytics/ios"
  firebase_app_check:
    :path: ".symlinks/plugins/firebase_app_check/ios"
  firebase_auth:
    :path: ".symlinks/plugins/firebase_auth/ios"
  firebase_core:
    :path: ".symlinks/plugins/firebase_core/ios"
  firebase_crashlytics:
    :path: ".symlinks/plugins/firebase_crashlytics/ios"
  firebase_messaging:
    :path: ".symlinks/plugins/firebase_messaging/ios"
  firebase_remote_config:
    :path: ".symlinks/plugins/firebase_remote_config/ios"
  FirebaseFirestore:
    :git: https://github.com/invertase/firestore-ios-sdk-frameworks.git
    :tag: 12.18.0
  Flutter:
    :path: Flutter
  flutter_app_badger:
    :path: ".symlinks/plugins/flutter_app_badger/ios"
  flutter_local_notifications:
    :path: ".symlinks/plugins/flutter_local_notifications/ios"
  flutter_timezone:
    :path: ".symlinks/plugins/flutter_timezone/ios"
  gma_mediation_meta:
    :path: ".symlinks/plugins/gma_mediation_meta/ios"
  gma_mediation_mintegral:
    :path: ".symlinks/plugins/gma_mediation_mintegral/ios"
  google_mobile_ads:
    :path: ".symlinks/plugins/google_mobile_ads/ios"
  home_widget:
    :path: ".symlinks/plugins/home_widget/ios"
  in_app_review:
    :path: ".symlinks/plugins/in_app_review/ios"
  package_info_plus:
    :path: ".symlinks/plugins/package_info_plus/ios"
  path_provider_foundation:
    :path: ".symlinks/plugins/path_provider_foundation/darwin"
  purchases_flutter:
    :path: ".symlinks/plugins/purchases_flutter/ios"
  shared_preferences_foundation:
    :path: ".symlinks/plugins/shared_preferences_foundation/darwin"
  url_launcher_ios:
    :path: ".symlinks/plugins/url_launcher_ios/ios"
  webview_flutter_wkwebview:
    :path: ".symlinks/plugins/webview_flutter_wkwebview/darwin"

CHECKOUT OPTIONS:
  FirebaseFirestore:
    :git: https://github.com/invertase/firestore-ios-sdk-frameworks.git
    :tag: 12.18.0

SPEC CHECKSUMS:
  AppCheckCore: e215d35177a9cf469927863e69c13e220df32a8b
  cloud_firestore: 3f0a8af2d865cade8f7db11bc2a419bd66a7237e
  cloud_functions: 15154e139688f19b75ac4d7b254f16583f3b9a0f
  device_info_plus: 71ffc6ab7634ade6267c7a93088ed7e4f74e5896
  FBAudienceNetwork: b05c65487114aa3bf3a68e865c60937a9fb03b69
  Firebase: 5523dd53ebe603451b4e1befcd99fa20a5c015cd
  firebase_analytics: eabab995ffa6e93bf1888e573eda3a8264c0f30f
  firebase_app_check: 1745908cb7f876fae823707a18e5ad1a21a9d083
  firebase_auth: 4c0f66df5d18671fd5ce6d6e9eb5ebdb653e03e5
  firebase_core: 22b31970001508f6e63945bedcb7b9de68819aa5
  firebase_crashlytics: f849aa211acedd808e8edc055d57d5aaeb7a2633
  firebase_messaging: e0eae0e66bd04d3c1856ad08ad84ac75e0673a55
  firebase_remote_config: 990169a8da90a9622619cf94dbab7118156b3bf8
  FirebaseABTesting: 7060ad22592c1ae86cccf9cc0f886f470084cbd5
  FirebaseAnalytics: 651ecdc96c7dd8df0c15d55b6c6b70f78c2987b9
  FirebaseAppCheck: 06fc2eca9cc0499dc393f9d4320faeb373b24851
  FirebaseAppCheckInterop: 8c2fe8b563377bd948ee6acc2871fe2dfb3a034a
  FirebaseAuth: 389097b0c63059262aa02800cb0b93c9fab09130
  FirebaseAuthInterop: 32c03820809ddc9e63dfaaf3711ce2ac8da7e6ae
  FirebaseCore: 96787d19ee32dc2242cc487b301bc616afeb398b
  FirebaseCoreExtension: a86bab02524ca2bff95dddab7a3fcad505c2ddeb
  FirebaseCoreInternal: 93b2d5f9e184c6818a04433891c358b0720a6a38
  FirebaseCrashlytics: bd160cfa074ad21ed708a466e15d1928ded1642a
  FirebaseFirestore: 67ba5bc0ff819ced1e50b5353d08d0e8f3d9d869
  FirebaseFirestoreAbseilBinary: 4cfa8823cedc1b774843e04fe578ad279b387f97
  FirebaseFirestoreBinary: 45faa3144925fa95f91b47e81d1d4d055115b100
  FirebaseFirestoreGRPCBoringSSLBinary: c3dfef3ff448ae2c1c85f9baf9fac5afc4db99fa
  FirebaseFirestoreGRPCCoreBinary: 565534e160a0415d12185f7f171c52a567382fbd
  FirebaseFirestoreGRPCCPPBinary: 6c0134e8d230ee58b9d51dec2a30a48efd6d5dc7
  FirebaseFirestoreInternalBinary: c8a7b9e876a74e42a25d3a21662585dc63ca7d41
  FirebaseFunctions: 1b8bc185cb14cc10f6244b2430bcd806ec1a8e7e
  FirebaseInstallations: 933b2747e8594084c9117b65e8358fce29d7ced7
  FirebaseMessaging: 422bb80cbf8ff83e69e50bea4d4984fc4704f665
  FirebaseMessagingInterop: 2bc0ddbf26a3552c61a2efbecc8b8a3b68d383e4
  FirebaseRemoteConfig: 263cc3d8306e5ec83727bca18fc245fb7027d3ca
  FirebaseRemoteConfigInterop: 3cbd659033c3129ea81a756a52e4bf1cfc20c3a7
  FirebaseSessions: 3eaac5fd8077513b95f9723efd940438e3e35fb2
  FirebaseSharedSwift: 9d9404eea60b650d3e549898bfebbb8f665fe601
  Flutter: cabc95a1d2626b1b06e7179b784ebcf0c0cde467
  flutter_app_badger: 16b371e989d04cd265df85be2c3851b49cb68d18
  flutter_local_notifications: a5a732f069baa862e728d839dd2ebb904737effb
  flutter_timezone: 7c838e17ffd4645d261e87037e5bebf6d38fe544
  gma_mediation_meta: 6a9496825660414aaddbd5bcb33325a72b15f650
  gma_mediation_mintegral: ccc57326e3a67d364d9c1162c32b79065a058833
  Google-Mobile-Ads-SDK: cec761d0da669c462bcc19cd16c747498b9f39f7
  google_mobile_ads: 6b1c16497394528f4a59e76e2fc947cb32b101e2
  GoogleAdsOnDeviceConversion: e3b71da24ff4cf01cf520756ac1c2b93c07b86ff
  GoogleAppMeasurement: d70df385587c4175fc0836c11e413d5cbcaa3c7b
  GoogleDataTransport: a24e58982ab3ba2f64d79613e027fe7f57e88539
  GoogleMobileAdsMediationFacebook: 213c2a7cabd34f2e4115c3e7fa4780256043db42
  GoogleMobileAdsMediationMintegral: d48168f90805dd508beea9230e39d0e24660a3d5
  GoogleUserMessagingPlatform: befe603da6501006420c206222acd449bba45a9c
  GoogleUtilities: 4e0c2ad9fa0d0d18b5c4df8bf57b461cba35b0bb
  GTMSessionFetcher: a6d2b2aa203485893d4511ff64642dc811f7c09f
  home_widget: f169fc41fd807b4d46ab6615dc44d62adbf9f64f
  in_app_review: 7dd1ea365263f834b8464673f9df72c80c17c937
  leveldb-library: cc8b8f8e013647a295ad3f8cd2ddf49a6f19be19
  MintegralAdSDK: b8fbfe18eacde1eb4f5c0e388c3769503ed5d4fa
  nanopb: fad817b59e0457d11a5dfbde799381cd727c1275
  package_info_plus: af8e2ca6888548050f16fa2f1938db7b5a5df499
  path_provider_foundation: 080d55be775b7414fd5a5ef3ac137b97b097e564
  PromisesObjC: 752c3227f599e3467650e47ea36f433eeb10c273
  PromisesSwift: 217dea0fd5d2ad65222a109c48698add13cc1c5b
  purchases_flutter: 187d766283ddd415af6d95a32dfd63f55162a130
  PurchasesHybridCommon: 02cad5fb69b682309baa3ad4d6dcb7836c1543e0
  RecaptchaInterop: 11e0b637842dfb48308d242afc3f448062325aba
  RevenueCat: 2dec9f71800de36af31884c3cc73e9ffb4a41786
  shared_preferences_foundation: 9e1978ff2562383bd5676f64ec4e9aa8fa06a6f7
  url_launcher_ios: 694010445543906933d732453a59da0a173ae33d
  webview_flutter_wkwebview: 8ebf4fded22593026f7dbff1fbff31ea98573c8d

PODFILE CHECKSUM: a3840783905352f23a3cc9e85c3b7a448e7c787c

COCOAPODS: 1.16.2
